{
  "version": 4,
  "terraform_version": "1.3.3",
  "serial": 4,
  "lineage": "a530152f-63a1-2234-969e-bb1d397f0619",
  "outputs": {},
  "resources": [
    {
      "mode": "managed",
      "type": "aws_vpc",
      "name": "new_vpc",
      "provider": "provider[\"registry.terraform.io/hashicorp/aws\"]",
      "instances": [
        {
          "schema_version": 1,
          "attributes": {
            "arn": "arn:aws:ec2:us-east-1:854299633207:vpc/vpc-014ca938e18c4a8e7",
            "assign_generated_ipv6_cidr_block": false,
            "cidr_block": "10.0.0.0/16",
            "default_network_acl_id": "acl-097b63fafc00a21df",
            "default_route_table_id": "rtb-0d0a8502db394b21a",
            "default_security_group_id": "sg-0b7aee6f69f18ae97",
            "dhcp_options_id": "dopt-029ac35f7b2f3642e",
            "enable_classiclink": false,
            "enable_classiclink_dns_support": false,
            "enable_dns_hostnames": false,
            "enable_dns_support": true,
            "enable_network_address_usage_metrics": false,
            "id": "vpc-014ca938e18c4a8e7",
            "instance_tenancy": "default",
            "ipv4_ipam_pool_id": null,
            "ipv4_netmask_length": null,
            "ipv6_association_id": "",
            "ipv6_cidr_block": "",
            "ipv6_cidr_block_network_border_group": "",
            "ipv6_ipam_pool_id": "",
            "ipv6_netmask_length": 0,
            "main_route_table_id": "rtb-0d0a8502db394b21a",
            "owner_id": "854299633207",
            "tags": {
              "Name": "ter_vpc"
            },
            "tags_all": {
              "Name": "ter_vpc"
            }
          },
          "sensitive_attributes": [],
          "private": "eyJzY2hlbWFfdmVyc2lvbiI6IjEifQ=="
        }
      ]
    }
  ],
  "check_results": []
}
